
Microsoft Visual Studio Solution File, Format Version 12.00
# Visual Studio 15
VisualStudioVersion = 15.0.28307.168
MinimumVisualStudioVersion = 10.0.40219.1
Project("{FAE04EC0-301F-11D3-BF4B-00C04F79EFBC}") = "XAF.Autofac", "XAF.Autofac\XAF.Autofac.csproj", "{AB1D0D16-1FDD-4025-AC8C-00A3F8D3445D}"
EndProject
Global
	GlobalSection(SolutionConfigurationPlatforms) = preSolution
		Debug|Any CPU = Debug|Any CPU
		Release|Any CPU = Release|Any CPU
	EndGlobalSection
	GlobalSection(ProjectConfigurationPlatforms) = postSolution
		{AB1D0D16-1FDD-4025-AC8C-00A3F8D3445D}.Debug|Any CPU.ActiveCfg = Debug|Any CPU
		{AB1D0D16-1FDD-4025-AC8C-00A3F8D3445D}.Debug|Any CPU.Build.0 = Debug|Any CPU
		{AB1D0D16-1FDD-4025-AC8C-00A3F8D3445D}.Release|Any CPU.ActiveCfg = Release|Any CPU
		{AB1D0D16-1FDD-4025-AC8C-00A3F8D3445D}.Release|Any CPU.Build.0 = Release|Any CPU
	EndGlobalSection
	GlobalSection(SolutionProperties) = preSolution
		HideSolutionNode = FALSE
	EndGlobalSection
	GlobalSection(ExtensibilityGlobals) = postSolution
		SolutionGuid = {84896902-D276-4999-A90D-2C77214109C4}
	EndGlobalSection
EndGlobal
